{
  "nodes": {
    "language-ninja": {
      "inputs": {
        "nixpkgs": [
          "nixpkgs"
        ]
      },
      "locked": {
        "lastModified": 1641761676,
        "narHash": "sha256-lQbK8m5x5p04l+czOLyODJrh4HgQIFDERmpfvtpxD38=",
        "owner": "L-as",
        "repo": "language-ninja",
        "rev": "117e83fec41af167a590e6abf233190e99b6eaaf",
        "type": "github"
      },
      "original": {
        "owner": "L-as",
        "repo": "language-ninja",
        "type": "github"
      }
    },
    "nixpkgs": {
      "locked": {
        "lastModified": 1640451826,
        "narHash": "sha256-jRbMiGQsVQg1MAbur6WahrMKLZubT7cDhfsf7OW+AlA=",
        "owner": "NixOS",
        "repo": "nixpkgs",
        "rev": "dfc501756b09fa40f9eeb4a1c12ccd225ba3e3d8",
        "type": "github"
      },
      "original": {
        "owner": "NixOS",
        "repo": "nixpkgs",
        "rev": "dfc501756b09fa40f9eeb4a1c12ccd225ba3e3d8",
        "type": "github"
      }
    },
    "root": {
      "inputs": {
        "language-ninja": "language-ninja",
        "nixpkgs": "nixpkgs"
      }
    }
  },
  "root": "root",
  "version": 7
}
