{
  "nodes": {
    "language-ninja": {
      "inputs": {
        "nixpkgs": [
          "nixpkgs"
        ]
      },
      "locked": {
        "lastModified": 1641753497,
        "narHash": "sha256-4hgroVf1X6QIZ4N29wZ4Yv2R0xszm/pSttGq4i0fxgc=",
        "owner": "L-as",
        "repo": "language-ninja",
        "rev": "bf9e9f58122082bd1b526b61ed2d2b7d87aad712",
        "type": "github"
      },
      "original": {
        "owner": "L-as",
        "repo": "language-ninja",
        "type": "github"
      }
    },
    "nixpkgs": {
      "locked": {
        "lastModified": 1640451826,
        "narHash": "sha256-jRbMiGQsVQg1MAbur6WahrMKLZubT7cDhfsf7OW+AlA=",
        "owner": "NixOS",
        "repo": "nixpkgs",
        "rev": "dfc501756b09fa40f9eeb4a1c12ccd225ba3e3d8",
        "type": "github"
      },
      "original": {
        "owner": "NixOS",
        "repo": "nixpkgs",
        "rev": "dfc501756b09fa40f9eeb4a1c12ccd225ba3e3d8",
        "type": "github"
      }
    },
    "root": {
      "inputs": {
        "language-ninja": "language-ninja",
        "nixpkgs": "nixpkgs"
      }
    }
  },
  "root": "root",
  "version": 7
}
